
Microsoft Visual Studio Solution File, Format Version 12.00
# Visual Studio Version 17
VisualStudioVersion = 17.3.32929.385
MinimumVisualStudioVersion = 10.0.40219.1
Project("{FAE04EC0-301F-11D3-BF4B-00C04F79EFBC}") = "HomeWork_12", "HomeWork_12.csproj", "{C16540C5-5828-4B44-A851-1D4F127ABDDC}"
EndProject
Global
	GlobalSection(SolutionConfigurationPlatforms) = preSolution
		Debug|Any CPU = Debug|Any CPU
		Release|Any CPU = Release|Any CPU
	EndGlobalSection
	GlobalSection(ProjectConfigurationPlatforms) = postSolution
		{C16540C5-5828-4B44-A851-1D4F127ABDDC}.Debug|Any CPU.ActiveCfg = Debug|Any CPU
		{C16540C5-5828-4B44-A851-1D4F127ABDDC}.Debug|Any CPU.Build.0 = Debug|Any CPU
		{C16540C5-5828-4B44-A851-1D4F127ABDDC}.Release|Any CPU.ActiveCfg = Release|Any CPU
		{C16540C5-5828-4B44-A851-1D4F127ABDDC}.Release|Any CPU.Build.0 = Release|Any CPU
	EndGlobalSection
	GlobalSection(SolutionProperties) = preSolution
		HideSolutionNode = FALSE
	EndGlobalSection
	GlobalSection(ExtensibilityGlobals) = postSolution
		SolutionGuid = {9824A23D-CE69-48B8-890A-454658FFF9D2}
	EndGlobalSection
EndGlobal
